
Microsoft Visual Studio Solution File, Format Version 12.00
# Visual Studio Version 16
VisualStudioVersion = 16.0.30804.86
MinimumVisualStudioVersion = 10.0.40219.1
Project("{FAE04EC0-301F-11D3-BF4B-00C04F79EFBC}") = "OutlookAddIn2", "OutlookAddIn2.csproj", "{D37E8E16-303B-4D0E-8D82-8207FA16D83A}"
EndProject
Global
	GlobalSection(SolutionConfigurationPlatforms) = preSolution
		Debug|Any CPU = Debug|Any CPU
		Release|Any CPU = Release|Any CPU
	EndGlobalSection
	GlobalSection(ProjectConfigurationPlatforms) = postSolution
		{D37E8E16-303B-4D0E-8D82-8207FA16D83A}.Debug|Any CPU.ActiveCfg = Debug|Any CPU
		{D37E8E16-303B-4D0E-8D82-8207FA16D83A}.Debug|Any CPU.Build.0 = Debug|Any CPU
		{D37E8E16-303B-4D0E-8D82-8207FA16D83A}.Release|Any CPU.ActiveCfg = Release|Any CPU
		{D37E8E16-303B-4D0E-8D82-8207FA16D83A}.Release|Any CPU.Build.0 = Release|Any CPU
	EndGlobalSection
	GlobalSection(SolutionProperties) = preSolution
		HideSolutionNode = FALSE
	EndGlobalSection
	GlobalSection(ExtensibilityGlobals) = postSolution
		SolutionGuid = {D30514BC-AF56-4C40-A07C-1BFB1726467C}
	EndGlobalSection
EndGlobal
